
Microsoft Visual Studio Solution File, Format Version 12.00
# Visual Studio Version 17
VisualStudioVersion = 17.8.34322.80
MinimumVisualStudioVersion = 10.0.40219.1
Project("{FAE04EC0-301F-11D3-BF4B-00C04F79EFBC}") = "authordatabase", "authordatabase\authordatabase.csproj", "{88D8420F-403C-4810-8279-5ED15C77090C}"
EndProject
Global
	GlobalSection(SolutionConfigurationPlatforms) = preSolution
		Debug|Any CPU = Debug|Any CPU
		Release|Any CPU = Release|Any CPU
	EndGlobalSection
	GlobalSection(ProjectConfigurationPlatforms) = postSolution
		{88D8420F-403C-4810-8279-5ED15C77090C}.Debug|Any CPU.ActiveCfg = Debug|Any CPU
		{88D8420F-403C-4810-8279-5ED15C77090C}.Debug|Any CPU.Build.0 = Debug|Any CPU
		{88D8420F-403C-4810-8279-5ED15C77090C}.Release|Any CPU.ActiveCfg = Release|Any CPU
		{88D8420F-403C-4810-8279-5ED15C77090C}.Release|Any CPU.Build.0 = Release|Any CPU
	EndGlobalSection
	GlobalSection(SolutionProperties) = preSolution
		HideSolutionNode = FALSE
	EndGlobalSection
	GlobalSection(ExtensibilityGlobals) = postSolution
		SolutionGuid = {F3E55B29-3E28-45A4-BE74-91A43E907D04}
	EndGlobalSection
EndGlobal
